// !$*UTF8*$!
{
	archiveVersion = 1;
	classes = {
	};
	objectVersion = 55;
	objects = {

/* Begin PBXBuildFile section */
		0968F651288669F6009AD10B /* AppDelegate.swift in Sources */ = {isa = PBXBuildFile; fileRef = 0968F650288669F6009AD10B /* AppDelegate.swift */; };
		0968F653288669F6009AD10B /* SceneDelegate.swift in Sources */ = {isa = PBXBuildFile; fileRef = 0968F652288669F6009AD10B /* SceneDelegate.swift */; };
		0968F655288669F6009AD10B /* TabBarMainViewController.swift in Sources */ = {isa = PBXBuildFile; fileRef = 0968F654288669F6009AD10B /* TabBarMainViewController.swift */; };
		0968F658288669F6009AD10B /* Main.storyboard in Resources */ = {isa = PBXBuildFile; fileRef = 0968F656288669F6009AD10B /* Main.storyboard */; };
		0968F65A288669F7009AD10B /* Assets.xcassets in Resources */ = {isa = PBXBuildFile; fileRef = 0968F659288669F7009AD10B /* Assets.xcassets */; };
		0968F65D288669F7009AD10B /* LaunchScreen.storyboard in Resources */ = {isa = PBXBuildFile; fileRef = 0968F65B288669F7009AD10B /* LaunchScreen.storyboard */; };
		0968F66528866D33009AD10B /* MainViewController.swift in Sources */ = {isa = PBXBuildFile; fileRef = 0968F66428866D33009AD10B /* MainViewController.swift */; };
		0968F66728866DF2009AD10B /* ViewController.swift in Sources */ = {isa = PBXBuildFile; fileRef = 0968F66628866DF2009AD10B /* ViewController.swift */; };
		0968F6692886760E009AD10B /* DatePickerViewController.swift in Sources */ = {isa = PBXBuildFile; fileRef = 0968F6682886760D009AD10B /* DatePickerViewController.swift */; };
		0968F66B28867ABD009AD10B /* AlertViewController.swift in Sources */ = {isa = PBXBuildFile; fileRef = 0968F66A28867ABD009AD10B /* AlertViewController.swift */; };
		0968F66D28867BCB009AD10B /* SlidingViewController.swift in Sources */ = {isa = PBXBuildFile; fileRef = 0968F66C28867BCB009AD10B /* SlidingViewController.swift */; };
/* End PBXBuildFile section */

/* Begin PBXFileReference section */
		0968F64D288669F6009AD10B /* 10Tabbar.app */ = {isa = PBXFileReference; explicitFileType = wrapper.application; includeInIndex = 0; path = 10Tabbar.app; sourceTree = BUILT_PRODUCTS_DIR; };
		0968F650288669F6009AD10B /* AppDelegate.swift */ = {isa = PBXFileReference; lastKnownFileType = sourcecode.swift; path = AppDelegate.swift; sourceTree = "<group>"; };
		0968F652288669F6009AD10B /* SceneDelegate.swift */ = {isa = PBXFileReference; lastKnownFileType = sourcecode.swift; path = SceneDelegate.swift; sourceTree = "<group>"; };
		0968F654288669F6009AD10B /* TabBarMainViewController.swift */ = {isa = PBXFileReference; lastKnownFileType = sourcecode.swift; path = TabBarMainViewController.swift; sourceTree = "<group>"; };
		0968F657288669F6009AD10B /* Base */ = {isa = PBXFileReference; lastKnownFileType = file.storyboard; name = Base; path = Base.lproj/Main.storyboard; sourceTree = "<group>"; };
		0968F659288669F7009AD10B /* Assets.xcassets */ = {isa = PBXFileReference; lastKnownFileType = folder.assetcatalog; path = Assets.xcassets; sourceTree = "<group>"; };
		0968F65C288669F7009AD10B /* Base */ = {isa = PBXFileReference; lastKnownFileType = file.storyboard; name = Base; path = Base.lproj/LaunchScreen.storyboard; sourceTree = "<group>"; };
		0968F65E288669F7009AD10B /* Info.plist */ = {isa = PBXFileReference; lastKnownFileType = text.plist.xml; path = Info.plist; sourceTree = "<group>"; };
		0968F66428866D33009AD10B /* MainViewController.swift */ = {isa = PBXFileReference; fileEncoding = 4; lastKnownFileType = sourcecode.swift; path = MainViewController.swift; sourceTree = "<group>"; };
		0968F66628866DF2009AD10B /* ViewController.swift */ = {isa = PBXFileReference; fileEncoding = 4; lastKnownFileType = sourcecode.swift; path = ViewController.swift; sourceTree = "<group>"; };
		0968F6682886760D009AD10B /* DatePickerViewController.swift */ = {isa = PBXFileReference; fileEncoding = 4; lastKnownFileType = sourcecode.swift; path = DatePickerViewController.swift; sourceTree = "<group>"; };
		0968F66A28867ABD009AD10B /* AlertViewController.swift */ = {isa = PBXFileReference; fileEncoding = 4; lastKnownFileType = sourcecode.swift; path = AlertViewController.swift; sourceTree = "<group>"; };
		0968F66C28867BCB009AD10B /* SlidingViewController.swift */ = {isa = PBXFileReference; fileEncoding = 4; lastKnownFileType = sourcecode.swift; path = SlidingViewController.swift; sourceTree = "<group>"; };
/* End PBXFileReference section */

/* Begin PBXFrameworksBuildPhase section */
		0968F64A288669F6009AD10B /* Frameworks */ = {
			isa = PBXFrameworksBuildPhase;
			buildActionMask = 2147483647;
			files = (
			);
			runOnlyForDeploymentPostprocessing = 0;
		};
/* End PBXFrameworksBuildPhase section */

/* Begin PBXGroup section */
		0968F644288669F6009AD10B = {
			isa = PBXGroup;
			children = (
				0968F64F288669F6009AD10B /* 10Tabbar */,
				0968F64E288669F6009AD10B /* Products */,
			);
			sourceTree = "<group>";
		};
		0968F64E288669F6009AD10B /* Products */ = {
			isa = PBXGroup;
			children = (
				0968F64D288669F6009AD10B /* 10Tabbar.app */,
			);
			name = Products;
			sourceTree = "<group>";
		};
		0968F64F288669F6009AD10B /* 10Tabbar */ = {
			isa = PBXGroup;
			children = (
				0968F650288669F6009AD10B /* AppDelegate.swift */,
				0968F652288669F6009AD10B /* SceneDelegate.swift */,
				0968F654288669F6009AD10B /* TabBarMainViewController.swift */,
				0968F66428866D33009AD10B /* MainViewController.swift */,
				0968F6682886760D009AD10B /* DatePickerViewController.swift */,
				0968F66A28867ABD009AD10B /* AlertViewController.swift */,
				0968F66C28867BCB009AD10B /* SlidingViewController.swift */,
				0968F66628866DF2009AD10B /* ViewController.swift */,
				0968F656288669F6009AD10B /* Main.storyboard */,
				0968F659288669F7009AD10B /* Assets.xcassets */,
				0968F65B288669F7009AD10B /* LaunchScreen.storyboard */,
				0968F65E288669F7009AD10B /* Info.plist */,
			);
			path = 10Tabbar;
			sourceTree = "<group>";
		};
/* End PBXGroup section */

/* Begin PBXNativeTarget section */
		0968F64C288669F6009AD10B /* 10Tabbar */ = {
			isa = PBXNativeTarget;
			buildConfigurationList = 0968F661288669F7009AD10B /* Build configuration list for PBXNativeTarget "10Tabbar" */;
			buildPhases = (
				0968F649288669F6009AD10B /* Sources */,
				0968F64A288669F6009AD10B /* Frameworks */,
				0968F64B288669F6009AD10B /* Resources */,
			);
			buildRules = (
			);
			dependencies = (
			);
			name = 10Tabbar;
			productName = 10Tabbar;
			productReference = 0968F64D288669F6009AD10B /* 10Tabbar.app */;
			productType = "com.apple.product-type.application";
		};
/* End PBXNativeTarget section */

/* Begin PBXProject section */
		0968F645288669F6009AD10B /* Project object */ = {
			isa = PBXProject;
			attributes = {
				BuildIndependentTargetsInParallel = 1;
				LastSwiftUpdateCheck = 1340;
				LastUpgradeCheck = 1340;
				TargetAttributes = {
					0968F64C288669F6009AD10B = {
						CreatedOnToolsVersion = 13.4.1;
					};
				};
			};
			buildConfigurationList = 0968F648288669F6009AD10B /* Build configuration list for PBXProject "10Tabbar" */;
			compatibilityVersion = "Xcode 13.0";
			developmentRegion = en;
			hasScannedForEncodings = 0;
			knownRegions = (
				en,
				Base,
			);
			mainGroup = 0968F644288669F6009AD10B;
			productRefGroup = 0968F64E288669F6009AD10B /* Products */;
			projectDirPath = "";
			projectRoot = "";
			targets = (
				0968F64C288669F6009AD10B /* 10Tabbar */,
			);
		};
/* End PBXProject section */

/* Begin PBXResourcesBuildPhase section */
		0968F64B288669F6009AD10B /* Resources */ = {
			isa = PBXResourcesBuildPhase;
			buildActionMask = 2147483647;
			files = (
				0968F65D288669F7009AD10B /* LaunchScreen.storyboard in Resources */,
				0968F65A288669F7009AD10B /* Assets.xcassets in Resources */,
				0968F658288669F6009AD10B /* Main.storyboard in Resources */,
			);
			runOnlyForDeploymentPostprocessing = 0;
		};
/* End PBXResourcesBuildPhase section */

/* Begin PBXSourcesBuildPhase section */
		0968F649288669F6009AD10B /* Sources */ = {
			isa = PBXSourcesBuildPhase;
			buildActionMask = 2147483647;
			files = (
				0968F66728866DF2009AD10B /* ViewController.swift in Sources */,
				0968F66B28867ABD009AD10B /* AlertViewController.swift in Sources */,
				0968F655288669F6009AD10B /* TabBarMainViewController.swift in Sources */,
				0968F6692886760E009AD10B /* DatePickerViewController.swift in Sources */,
				0968F651288669F6009AD10B /* AppDelegate.swift in Sources */,
				0968F653288669F6009AD10B /* SceneDelegate.swift in Sources */,
				0968F66528866D33009AD10B /* MainViewController.swift in Sources */,
				0968F66D28867BCB009AD10B /* SlidingViewController.swift in Sources */,
			);
			runOnlyForDeploymentPostprocessing = 0;
		};
/* End PBXSourcesBuildPhase section */

/* Begin PBXVariantGroup section */
		0968F656288669F6009AD10B /* Main.storyboard */ = {
			isa = PBXVariantGroup;
			children = (
				0968F657288669F6009AD10B /* Base */,
			);
			name = Main.storyboard;
			sourceTree = "<group>";
		};
		0968F65B288669F7009AD10B /* LaunchScreen.storyboard */ = {
			isa = PBXVariantGroup;
			children = (
				0968F65C288669F7009AD10B /* Base */,
			);
			name = LaunchScreen.storyboard;
			sourceTree = "<group>";
		};
/* End PBXVariantGroup section */

/* Begin XCBuildConfiguration section */
		0968F65F288669F7009AD10B /* Debug */ = {
			isa = XCBuildConfiguration;
			buildSettings = {
				ALWAYS_SEARCH_USER_PATHS = NO;
				CLANG_ANALYZER_NONNULL = YES;
				CLANG_ANALYZER_NUMBER_OBJECT_CONVERSION = YES_AGGRESSIVE;
				CLANG_CXX_LANGUAGE_STANDARD = "gnu++17";
				CLANG_ENABLE_MODULES = YES;
				CLANG_ENABLE_OBJC_ARC = YES;
				CLANG_ENABLE_OBJC_WEAK = YES;
				CLANG_WARN_BLOCK_CAPTURE_AUTORELEASING = YES;
				CLANG_WARN_BOOL_CONVERSION = YES;
				CLANG_WARN_COMMA = YES;
				CLANG_WARN_CONSTANT_CONVERSION = YES;
				CLANG_WARN_DEPRECATED_OBJC_IMPLEMENTATIONS = YES;
				CLANG_WARN_DIRECT_OBJC_ISA_USAGE = YES_ERROR;
				CLANG_WARN_DOCUMENTATION_COMMENTS = YES;
				CLANG_WARN_EMPTY_BODY = YES;
				CLANG_WARN_ENUM_CONVERSION = YES;
				CLANG_WARN_INFINITE_RECURSION = YES;
				CLANG_WARN_INT_CONVERSION = YES;
				CLANG_WARN_NON_LITERAL_NULL_CONVERSION = YES;
				CLANG_WARN_OBJC_IMPLICIT_RETAIN_SELF = YES;
				CLANG_WARN_OBJC_LITERAL_CONVERSION = YES;
				CLANG_WARN_OBJC_ROOT_CLASS = YES_ERROR;
				CLANG_WARN_QUOTED_INCLUDE_IN_FRAMEWORK_HEADER = YES;
				CLANG_WARN_RANGE_LOOP_ANALYSIS = YES;
				CLANG_WARN_STRICT_PROTOTYPES = YES;
				CLANG_WARN_SUSPICIOUS_MOVE = YES;
				CLANG_WARN_UNGUARDED_AVAILABILITY = YES_AGGRESSIVE;
				CLANG_WARN_UNREACHABLE_CODE = YES;
				CLANG_WARN__DUPLICATE_METHOD_MATCH = YES;
				COPY_PHASE_STRIP = NO;
				DEBUG_INFORMATION_FORMAT = dwarf;
				ENABLE_STRICT_OBJC_MSGSEND = YES;
				ENABLE_TESTABILITY = YES;
				GCC_C_LANGUAGE_STANDARD = gnu11;
				GCC_DYNAMIC_NO_PIC = NO;
				GCC_NO_COMMON_BLOCKS = YES;
				GCC_OPTIMIZATION_LEVEL = 0;
				GCC_PREPROCESSOR_DEFINITIONS = (
					"DEBUG=1",
					"$(inherited)",
				);
				GCC_WARN_64_TO_32_BIT_CONVERSION = YES;
				GCC_WARN_ABOUT_RETURN_TYPE = YES_ERROR;
				GCC_WARN_UNDECLARED_SELECTOR = YES;
				GCC_WARN_UNINITIALIZED_AUTOS = YES_AGGRESSIVE;
				GCC_WARN_UNUSED_FUNCTION = YES;
				GCC_WARN_UNUSED_VARIABLE = YES;
				IPHONEOS_DEPLOYMENT_TARGET = 15.5;
				MTL_ENABLE_DEBUG_INFO = INCLUDE_SOURCE;
				MTL_FAST_MATH = YES;
				ONLY_ACTIVE_ARCH = YES;
				SDKROOT = iphoneos;
				SWIFT_ACTIVE_COMPILATION_CONDITIONS = DEBUG;
				SWIFT_OPTIMIZATION_LEVEL = "-Onone";
			};
			name = Debug;
		};
		0968F660288669F7009AD10B /* Release */ = {
			isa = XCBuildConfiguration;
			buildSettings = {
				ALWAYS_SEARCH_USER_PATHS = NO;
				CLANG_ANALYZER_NONNULL = YES;
				CLANG_ANALYZER_NUMBER_OBJECT_CONVERSION = YES_AGGRESSIVE;
				CLANG_CXX_LANGUAGE_STANDARD = "gnu++17";
				CLANG_ENABLE_MODULES = YES;
				CLANG_ENABLE_OBJC_ARC = YES;
				CLANG_ENABLE_OBJC_WEAK = YES;
				CLANG_WARN_BLOCK_CAPTURE_AUTORELEASING = YES;
				CLANG_WARN_BOOL_CONVERSION = YES;
				CLANG_WARN_COMMA = YES;
				CLANG_WARN_CONSTANT_CONVERSION = YES;
				CLANG_WARN_DEPRECATED_OBJC_IMPLEMENTATIONS = YES;
				CLANG_WARN_DIRECT_OBJC_ISA_USAGE = YES_ERROR;
				CLANG_WARN_DOCUMENTATION_COMMENTS = YES;
				CLANG_WARN_EMPTY_BODY = YES;
				CLANG_WARN_ENUM_CONVERSION = YES;
				CLANG_WARN_INFINITE_RECURSION = YES;
				CLANG_WARN_INT_CONVERSION = YES;
				CLANG_WARN_NON_LITERAL_NULL_CONVERSION = YES;
				CLANG_WARN_OBJC_IMPLICIT_RETAIN_SELF = YES;
				CLANG_WARN_OBJC_LITERAL_CONVERSION = YES;
				CLANG_WARN_OBJC_ROOT_CLASS = YES_ERROR;
				CLANG_WARN_QUOTED_INCLUDE_IN_FRAMEWORK_HEADER = YES;
				CLANG_WARN_RANGE_LOOP_ANALYSIS = YES;
				CLANG_WARN_STRICT_PROTOTYPES = YES;
				CLANG_WARN_SUSPICIOUS_MOVE = YES;
				CLANG_WARN_UNGUARDED_AVAILABILITY = YES_AGGRESSIVE;
				CLANG_WARN_UNREACHABLE_CODE = YES;
				CLANG_WARN__DUPLICATE_METHOD_MATCH = YES;
				COPY_PHASE_STRIP = NO;
				DEBUG_INFORMATION_FORMAT = "dwarf-with-dsym";
				ENABLE_NS_ASSERTIONS = NO;
				ENABLE_STRICT_OBJC_MSGSEND = YES;
				GCC_C_LANGUAGE_STANDARD = gnu11;
				GCC_NO_COMMON_BLOCKS = YES;
				GCC_WARN_64_TO_32_BIT_CONVERSION = YES;
				GCC_WARN_ABOUT_RETURN_TYPE = YES_ERROR;
				GCC_WARN_UNDECLARED_SELECTOR = YES;
				GCC_WARN_UNINITIALIZED_AUTOS = YES_AGGRESSIVE;
				GCC_WARN_UNUSED_FUNCTION = YES;
				GCC_WARN_UNUSED_VARIABLE = YES;
				IPHONEOS_DEPLOYMENT_TARGET = 15.5;
				MTL_ENABLE_DEBUG_INFO = NO;
				MTL_FAST_MATH = YES;
				SDKROOT = iphoneos;
				SWIFT_COMPILATION_MODE = wholemodule;
				SWIFT_OPTIMIZATION_LEVEL = "-O";
				VALIDATE_PRODUCT = YES;
			};
			name = Release;
		};
		0968F662288669F7009AD10B /* Debug */ = {
			isa = XCBuildConfiguration;
			buildSettings = {
				ASSETCATALOG_COMPILER_APPICON_NAME = AppIcon;
				ASSETCATALOG_COMPILER_GLOBAL_ACCENT_COLOR_NAME = AccentColor;
				CODE_SIGN_STYLE = Automatic;
				CURRENT_PROJECT_VERSION = 1;
				GENERATE_INFOPLIST_FILE = YES;
				INFOPLIST_FILE = 10Tabbar/Info.plist;
				INFOPLIST_KEY_UIApplicationSupportsIndirectInputEvents = YES;
				INFOPLIST_KEY_UILaunchStoryboardName = LaunchScreen;
				INFOPLIST_KEY_UIMainStoryboardFile = Main;
				INFOPLIST_KEY_UISupportedInterfaceOrientations_iPad = "UIInterfaceOrientationPortrait UIInterfaceOrientationPortraitUpsideDown UIInterfaceOrientationLandscapeLeft UIInterfaceOrientationLandscapeRight";
				INFOPLIST_KEY_UISupportedInterfaceOrientations_iPhone = "UIInterfaceOrientationPortrait UIInterfaceOrientationLandscapeLeft UIInterfaceOrientationLandscapeRight";
				LD_RUNPATH_SEARCH_PATHS = (
					"$(inherited)",
					"@executable_path/Frameworks",
				);
				MARKETING_VERSION = 1.0;
				PRODUCT_BUNDLE_IDENTIFIER = "d.-0Tabbar";
				PRODUCT_NAME = "$(TARGET_NAME)";
				SWIFT_EMIT_LOC_STRINGS = YES;
				SWIFT_VERSION = 5.0;
				TARGETED_DEVICE_FAMILY = "1,2";
			};
			name = Debug;
		};
		0968F663288669F7009AD10B /* Release */ = {
			isa = XCBuildConfiguration;
			buildSettings = {
				ASSETCATALOG_COMPILER_APPICON_NAME = AppIcon;
				ASSETCATALOG_COMPILER_GLOBAL_ACCENT_COLOR_NAME = AccentColor;
				CODE_SIGN_STYLE = Automatic;
				CURRENT_PROJECT_VERSION = 1;
				GENERATE_INFOPLIST_FILE = YES;
				INFOPLIST_FILE = 10Tabbar/Info.plist;
				INFOPLIST_KEY_UIApplicationSupportsIndirectInputEvents = YES;
				INFOPLIST_KEY_UILaunchStoryboardName = LaunchScreen;
				INFOPLIST_KEY_UIMainStoryboardFile = Main;
				INFOPLIST_KEY_UISupportedInterfaceOrientations_iPad = "UIInterfaceOrientationPortrait UIInterfaceOrientationPortraitUpsideDown UIInterfaceOrientationLandscapeLeft UIInterfaceOrientationLandscapeRight";
				INFOPLIST_KEY_UISupportedInterfaceOrientations_iPhone = "UIInterfaceOrientationPortrait UIInterfaceOrientationLandscapeLeft UIInterfaceOrientationLandscapeRight";
				LD_RUNPATH_SEARCH_PATHS = (
					"$(inherited)",
					"@executable_path/Frameworks",
				);
				MARKETING_VERSION = 1.0;
				PRODUCT_BUNDLE_IDENTIFIER = "d.-0Tabbar";
				PRODUCT_NAME = "$(TARGET_NAME)";
				SWIFT_EMIT_LOC_STRINGS = YES;
				SWIFT_VERSION = 5.0;
				TARGETED_DEVICE_FAMILY = "1,2";
			};
			name = Release;
		};
/* End XCBuildConfiguration section */

/* Begin XCConfigurationList section */
		0968F648288669F6009AD10B /* Build configuration list for PBXProject "10Tabbar" */ = {
			isa = XCConfigurationList;
			buildConfigurations = (
				0968F65F288669F7009AD10B /* Debug */,
				0968F660288669F7009AD10B /* Release */,
			);
			defaultConfigurationIsVisible = 0;
			defaultConfigurationName = Release;
		};
		0968F661288669F7009AD10B /* Build configuration list for PBXNativeTarget "10Tabbar" */ = {
			isa = XCConfigurationList;
			buildConfigurations = (
				0968F662288669F7009AD10B /* Debug */,
				0968F663288669F7009AD10B /* Release */,
			);
			defaultConfigurationIsVisible = 0;
			defaultConfigurationName = Release;
		};
/* End XCConfigurationList section */
	};
	rootObject = 0968F645288669F6009AD10B /* Project object */;
}
